// !$*UTF8*$!
{
	archiveVersion = 1;
	classes = {
	};
	objectVersion = 77;
	objects = {

/* Begin PBXBuildFile section */
		008048A267FC22116C9D1BB9 /* FavoriteStore.swift in Sources */ = {isa = PBXBuildFile; fileRef = 3D1724C45852F288A8E5D67B /* FavoriteStore.swift */; };
		04B1911148FE652AB32F0FD7 /* LocationManager.swift in Sources */ = {isa = PBXBuildFile; fileRef = FA23D7007211D6374E78CEBB /* LocationManager.swift */; };
		0707CC6442101F34F7A2CF8E /* FeatureFlagsAndMapModelTests.swift in Sources */ = {isa = PBXBuildFile; fileRef = BAA85DB0123F71B96C6A38FB /* FeatureFlagsAndMapModelTests.swift */; };
		0AA434EB051E74BD6DDB0692 /* NearbyResponse.swift in Sources */ = {isa = PBXBuildFile; fileRef = D9119CEEDDA6CF6EEC99A61D /* NearbyResponse.swift */; };
		0F249E3F0FB7753692DDE4A2 /* CountdownViews.swift in Sources */ = {isa = PBXBuildFile; fileRef = DD985B0AFA169D2F2B53A9D5 /* CountdownViews.swift */; };
		0FFEB2057F81421C78BEF5CE /* Alert.swift in Sources */ = {isa = PBXBuildFile; fileRef = 1169157644BA148145F5B77A /* Alert.swift */; };
		10D751CB5919CF58BC1B688C /* LocationManagerTests.swift in Sources */ = {isa = PBXBuildFile; fileRef = C10DDD88E1F8288CDC9E0A2A /* LocationManagerTests.swift */; };
		12346F46C5E13A7AAE0F9651 /* ContextEngineRefreshTimerTests.swift in Sources */ = {isa = PBXBuildFile; fileRef = CF8CFC561458D130999433FD /* ContextEngineRefreshTimerTests.swift */; };
		1388708959D7EB7BF6570324 /* CountdownEntry.swift in Sources */ = {isa = PBXBuildFile; fileRef = E022A609FE8A4F26C40BB267 /* CountdownEntry.swift */; };
		2692D34E085A4A4C076C363F /* NotificationServiceTests.swift in Sources */ = {isa = PBXBuildFile; fileRef = BE47CA38B378E6489D03A3EF /* NotificationServiceTests.swift */; };
		2828DFB33F6CC9C2946AA616 /* Assets.xcassets in Resources */ = {isa = PBXBuildFile; fileRef = 0C9182C1585161C48872BE9C /* Assets.xcassets */; };
		291F97AE871F1C97146DA6FF /* NearbyBusMapView.swift in Sources */ = {isa = PBXBuildFile; fileRef = 4D26A243394AEC4F473A22A0 /* NearbyBusMapView.swift */; };
		2AEA7686A271377F83373CBF /* NotificationService.swift in Sources */ = {isa = PBXBuildFile; fileRef = 866C2AF86EA5F3614981EDEC /* NotificationService.swift */; };
		355E0D5AF4E0E1ABF63A6475 /* StationSchedule.swift in Sources */ = {isa = PBXBuildFile; fileRef = C21E0063F5A9B12B461E2C33 /* StationSchedule.swift */; };
		420880B2CD437FF8BADEC6B8 /* BusWatchComplications.appex in Embed Foundation Extensions */ = {isa = PBXBuildFile; fileRef = 95793C867EA3B7FB447E155D /* BusWatchComplications.appex */; settings = {ATTRIBUTES = (RemoveHeadersOnCopy, ); }; };
		431678AB1F2CC579E76BEAB1 /* SharedDefaultsTests.swift in Sources */ = {isa = PBXBuildFile; fileRef = 696F9BBBE736DAD323DF17F4 /* SharedDefaultsTests.swift */; };
		4953B94A2AD39E266A5972BE /* NearbyListView.swift in Sources */ = {isa = PBXBuildFile; fileRef = 794ADE0310958EC741BDE78F /* NearbyListView.swift */; };
		6187EA05A2A12EF26BF25AE9 /* SharedDefaults.swift in Sources */ = {isa = PBXBuildFile; fileRef = A9A662559EE0A8EA6080B235 /* SharedDefaults.swift */; };
		64F27F9DFB04FCCB204CB8B5 /* CountdownWidget.swift in Sources */ = {isa = PBXBuildFile; fileRef = D8678EA1764B91D3116310A2 /* CountdownWidget.swift */; };
		67282E8DD2D0CA451A52963C /* FavoriteStoreTests.swift in Sources */ = {isa = PBXBuildFile; fileRef = EB36B0779CD1EA4C52BA132E /* FavoriteStoreTests.swift */; };
		6D08BDBA7108DA727FC6A678 /* ScheduleCache.swift in Sources */ = {isa = PBXBuildFile; fileRef = E0683D0C6D4C6B84471D70B3 /* ScheduleCache.swift */; };
		6F4D412C4E1901FDC9E8BD3A /* StationArrivalsView.swift in Sources */ = {isa = PBXBuildFile; fileRef = 660B1B1D915AC221A4B4B533 /* StationArrivalsView.swift */; };
		70EC8754E53497421BF64466 /* ScheduleCacheTests.swift in Sources */ = {isa = PBXBuildFile; fileRef = 0201780118097EB4794658BD /* ScheduleCacheTests.swift */; };
		7260C15D4B96B71E84A75149 /* DeparturesTowardView.swift in Sources */ = {isa = PBXBuildFile; fileRef = 9FD3BBC712474F9E78DC7656 /* DeparturesTowardView.swift */; };
		77390DCF44FDFA9001C57624 /* BusWatchApp.swift in Sources */ = {isa = PBXBuildFile; fileRef = CA347DACA1EBECB9EDFF1B9E /* BusWatchApp.swift */; };
		78CCFA0C37CC94900C96E2ED /* APIClient.swift in Sources */ = {isa = PBXBuildFile; fileRef = 4F0A9870EB9E5F712DC55BCA /* APIClient.swift */; };
		796B330DB6A2B68E4A25DBEF /* CountdownTimeline.swift in Sources */ = {isa = PBXBuildFile; fileRef = 8F3E53D1C73A898A85BF29F5 /* CountdownTimeline.swift */; };
		7DFD71DA906CA0FE6686C942 /* CountdownTimelineProvider.swift in Sources */ = {isa = PBXBuildFile; fileRef = 7C05DD58689181B8F1FCD583 /* CountdownTimelineProvider.swift */; };
		838FCAAF0236B1FAB7E13037 /* WidgetKit.framework in Frameworks */ = {isa = PBXBuildFile; fileRef = 62F733BAAECBF1FC5EFAA930 /* WidgetKit.framework */; };
		8716E5F77E1B073993C15FD5 /* AlertTests.swift in Sources */ = {isa = PBXBuildFile; fileRef = 334E0D65B5CD21F0D1DA369F /* AlertTests.swift */; };
		89C1E4A143F04C1E9EC9A8DE /* AppFeatureFlags.swift in Sources */ = {isa = PBXBuildFile; fileRef = BD8C330B97680A9FD528E0C1 /* AppFeatureFlags.swift */; };
		8B7F8F25766982E5F2920A20 /* BusProgressView.swift in Sources */ = {isa = PBXBuildFile; fileRef = 896F8B54C63F85B2691064DC /* BusProgressView.swift */; };
		8F84E44B697A29FBF4B55D07 /* ManualPickerView.swift in Sources */ = {isa = PBXBuildFile; fileRef = AE38A0AB7618D4AAC05DB505 /* ManualPickerView.swift */; };
		935B7750E57B68C4A427DAF2 /* CountdownResolverTests.swift in Sources */ = {isa = PBXBuildFile; fileRef = 15E59554D807808701FB9CA1 /* CountdownResolverTests.swift */; };
		98057CC058F7FDB054056A2A /* BusWatch.app in Embed Watch Content */ = {isa = PBXBuildFile; fileRef = 941DE2EAC800BA77EAD42D5F /* BusWatch.app */; settings = {ATTRIBUTES = (RemoveHeadersOnCopy, ); }; };
		AAA323BB1666E3037B51BDF3 /* BusTripProgress.swift in Sources */ = {isa = PBXBuildFile; fileRef = 3A40775DF6CF3FA724842FE0 /* BusTripProgress.swift */; };
		ACEB1F382D22DFB521D8249D /* StationSchedule.swift in Sources */ = {isa = PBXBuildFile; fileRef = C21E0063F5A9B12B461E2C33 /* StationSchedule.swift */; };
		AE222E59629D49941A8F220F /* AlertsView.swift in Sources */ = {isa = PBXBuildFile; fileRef = 65EBD009FF20DCCED6D0DC9A /* AlertsView.swift */; };
		AFE9015F360FB0359DA767D8 /* Assets.xcassets in Resources */ = {isa = PBXBuildFile; fileRef = 0C9182C1585161C48872BE9C /* Assets.xcassets */; };
		B00A37E6AB9E3F86A3F848B2 /* SharedDefaults.swift in Sources */ = {isa = PBXBuildFile; fileRef = A9A662559EE0A8EA6080B235 /* SharedDefaults.swift */; };
		BA585B9B333A860100FE75F8 /* ContextEngine.swift in Sources */ = {isa = PBXBuildFile; fileRef = C91CB86181B93248A4FCDAF3 /* ContextEngine.swift */; };
		BCF20A8F69FA3DC0EA3A5E12 /* BusWatchComplications.swift in Sources */ = {isa = PBXBuildFile; fileRef = CEC597FCCB99004362180E02 /* BusWatchComplications.swift */; };
		C4AA42D7B9D97813DA030F24 /* ScheduleCache.swift in Sources */ = {isa = PBXBuildFile; fileRef = E0683D0C6D4C6B84471D70B3 /* ScheduleCache.swift */; };
		C9B6A64C6A53A16D2EC3DBC9 /* CountdownTimeline.swift in Sources */ = {isa = PBXBuildFile; fileRef = 8F3E53D1C73A898A85BF29F5 /* CountdownTimeline.swift */; };
		D4EA1EDA2E7B4C7255C7A20A /* JourneyPlanner.swift in Sources */ = {isa = PBXBuildFile; fileRef = D65B443272C2D040E633AF75 /* JourneyPlanner.swift */; };
		E0A2F83D9902D5F505984073 /* MainView.swift in Sources */ = {isa = PBXBuildFile; fileRef = A7AC90DFF25D5C183D480F61 /* MainView.swift */; };
		F094818FD43F316C008EA6D8 /* DeparturesTowardViewTests.swift in Sources */ = {isa = PBXBuildFile; fileRef = FC0372CE38EE878F810F9C45 /* DeparturesTowardViewTests.swift */; };
		F0A212E77EAA82348F650E80 /* WatchKit.framework in Frameworks */ = {isa = PBXBuildFile; fileRef = 06C7A620AA96C75AF147E067 /* WatchKit.framework */; };
		F0E295C881EE74DE004C287E /* SwiftUI.framework in Frameworks */ = {isa = PBXBuildFile; fileRef = B14AFBA83C7868DE95A1756D /* SwiftUI.framework */; };
/* End PBXBuildFile section */

/* Begin PBXContainerItemProxy section */
		2C14646CC7B5A8BE473B9F90 /* PBXContainerItemProxy */ = {
			isa = PBXContainerItemProxy;
			containerPortal = 1D3953FAE5403563D00B8B4D /* Project object */;
			proxyType = 1;
			remoteGlobalIDString = 97FF97200C8C30959C68868C;
			remoteInfo = BusWatchComplications;
		};
		38FB920A4724CE4D13AB488B /* PBXContainerItemProxy */ = {
			isa = PBXContainerItemProxy;
			containerPortal = 1D3953FAE5403563D00B8B4D /* Project object */;
			proxyType = 1;
			remoteGlobalIDString = 908EFCF9360629B890D73C8C;
			remoteInfo = BusWatch;
		};
		D4A3BF2975B8C581D6158CA5 /* PBXContainerItemProxy */ = {
			isa = PBXContainerItemProxy;
			containerPortal = 1D3953FAE5403563D00B8B4D /* Project object */;
			proxyType = 1;
			remoteGlobalIDString = 908EFCF9360629B890D73C8C;
			remoteInfo = BusWatch;
		};
/* End PBXContainerItemProxy section */

/* Begin PBXCopyFilesBuildPhase section */
		CBF0CB82469C434A9AEF49D1 /* Embed Foundation Extensions */ = {
			isa = PBXCopyFilesBuildPhase;
			buildActionMask = 2147483647;
			dstPath = "";
			dstSubfolderSpec = 13;
			files = (
				420880B2CD437FF8BADEC6B8 /* BusWatchComplications.appex in Embed Foundation Extensions */,
			);
			name = "Embed Foundation Extensions";
			runOnlyForDeploymentPostprocessing = 0;
		};
		D79650EA012C10C4D79E6359 /* Embed Watch Content */ = {
			isa = PBXCopyFilesBuildPhase;
			buildActionMask = 2147483647;
			dstPath = "$(CONTENTS_FOLDER_PATH)/Watch";
			dstSubfolderSpec = 16;
			files = (
				98057CC058F7FDB054056A2A /* BusWatch.app in Embed Watch Content */,
			);
			name = "Embed Watch Content";
			runOnlyForDeploymentPostprocessing = 0;
		};
/* End PBXCopyFilesBuildPhase section */

/* Begin PBXFileReference section */
		0201780118097EB4794658BD /* ScheduleCacheTests.swift */ = {isa = PBXFileReference; lastKnownFileType = sourcecode.swift; path = ScheduleCacheTests.swift; sourceTree = "<group>"; };
		06C7A620AA96C75AF147E067 /* WatchKit.framework */ = {isa = PBXFileReference; lastKnownFileType = wrapper.framework; name = WatchKit.framework; path = System/Library/Frameworks/WatchKit.framework; sourceTree = SDKROOT; };
		0C9182C1585161C48872BE9C /* Assets.xcassets */ = {isa = PBXFileReference; lastKnownFileType = folder.assetcatalog; path = Assets.xcassets; sourceTree = "<group>"; };
		1169157644BA148145F5B77A /* Alert.swift */ = {isa = PBXFileReference; lastKnownFileType = sourcecode.swift; path = Alert.swift; sourceTree = "<group>"; };
		12DC90349DF54A6F1A6B00C5 /* BusWatch.entitlements */ = {isa = PBXFileReference; lastKnownFileType = text.plist.entitlements; path = BusWatch.entitlements; sourceTree = "<group>"; };
		15E59554D807808701FB9CA1 /* CountdownResolverTests.swift */ = {isa = PBXFileReference; lastKnownFileType = sourcecode.swift; path = CountdownResolverTests.swift; sourceTree = "<group>"; };
		17E3AE33D4989CFFF80C7E61 /* BusWatchTests.xctest */ = {isa = PBXFileReference; explicitFileType = wrapper.cfbundle; includeInIndex = 0; path = BusWatchTests.xctest; sourceTree = BUILT_PRODUCTS_DIR; };
		1A126BB03C75E9FD883C274E /* Info.plist */ = {isa = PBXFileReference; lastKnownFileType = text.plist; path = Info.plist; sourceTree = "<group>"; };
		334E0D65B5CD21F0D1DA369F /* AlertTests.swift */ = {isa = PBXFileReference; lastKnownFileType = sourcecode.swift; path = AlertTests.swift; sourceTree = "<group>"; };
		3A40775DF6CF3FA724842FE0 /* BusTripProgress.swift */ = {isa = PBXFileReference; lastKnownFileType = sourcecode.swift; path = BusTripProgress.swift; sourceTree = "<group>"; };
		3D1724C45852F288A8E5D67B /* FavoriteStore.swift */ = {isa = PBXFileReference; lastKnownFileType = sourcecode.swift; path = FavoriteStore.swift; sourceTree = "<group>"; };
		4D26A243394AEC4F473A22A0 /* NearbyBusMapView.swift */ = {isa = PBXFileReference; lastKnownFileType = sourcecode.swift; path = NearbyBusMapView.swift; sourceTree = "<group>"; };
		4F0A9870EB9E5F712DC55BCA /* APIClient.swift */ = {isa = PBXFileReference; lastKnownFileType = sourcecode.swift; path = APIClient.swift; sourceTree = "<group>"; };
		62F733BAAECBF1FC5EFAA930 /* WidgetKit.framework */ = {isa = PBXFileReference; lastKnownFileType = wrapper.framework; name = WidgetKit.framework; path = System/Library/Frameworks/WidgetKit.framework; sourceTree = SDKROOT; };
		65EBD009FF20DCCED6D0DC9A /* AlertsView.swift */ = {isa = PBXFileReference; lastKnownFileType = sourcecode.swift; path = AlertsView.swift; sourceTree = "<group>"; };
		660B1B1D915AC221A4B4B533 /* StationArrivalsView.swift */ = {isa = PBXFileReference; lastKnownFileType = sourcecode.swift; path = StationArrivalsView.swift; sourceTree = "<group>"; };
		696F9BBBE736DAD323DF17F4 /* SharedDefaultsTests.swift */ = {isa = PBXFileReference; lastKnownFileType = sourcecode.swift; path = SharedDefaultsTests.swift; sourceTree = "<group>"; };
		794ADE0310958EC741BDE78F /* NearbyListView.swift */ = {isa = PBXFileReference; lastKnownFileType = sourcecode.swift; path = NearbyListView.swift; sourceTree = "<group>"; };
		796A4BA47047A3FEB8CB84B4 /* BusWatchComplications.entitlements */ = {isa = PBXFileReference; lastKnownFileType = text.plist.entitlements; path = BusWatchComplications.entitlements; sourceTree = "<group>"; };
		7C05DD58689181B8F1FCD583 /* CountdownTimelineProvider.swift */ = {isa = PBXFileReference; lastKnownFileType = sourcecode.swift; path = CountdownTimelineProvider.swift; sourceTree = "<group>"; };
		866C2AF86EA5F3614981EDEC /* NotificationService.swift */ = {isa = PBXFileReference; lastKnownFileType = sourcecode.swift; path = NotificationService.swift; sourceTree = "<group>"; };
		896F8B54C63F85B2691064DC /* BusProgressView.swift */ = {isa = PBXFileReference; lastKnownFileType = sourcecode.swift; path = BusProgressView.swift; sourceTree = "<group>"; };
		8F3E53D1C73A898A85BF29F5 /* CountdownTimeline.swift */ = {isa = PBXFileReference; lastKnownFileType = sourcecode.swift; path = CountdownTimeline.swift; sourceTree = "<group>"; };
		941DE2EAC800BA77EAD42D5F /* BusWatch.app */ = {isa = PBXFileReference; explicitFileType = wrapper.application; includeInIndex = 0; path = BusWatch.app; sourceTree = BUILT_PRODUCTS_DIR; };
		95793C867EA3B7FB447E155D /* BusWatchComplications.appex */ = {isa = PBXFileReference; explicitFileType = "wrapper.app-extension"; includeInIndex = 0; path = BusWatchComplications.appex; sourceTree = BUILT_PRODUCTS_DIR; };
		9FD3BBC712474F9E78DC7656 /* DeparturesTowardView.swift */ = {isa = PBXFileReference; lastKnownFileType = sourcecode.swift; path = DeparturesTowardView.swift; sourceTree = "<group>"; };
		A7AC90DFF25D5C183D480F61 /* MainView.swift */ = {isa = PBXFileReference; lastKnownFileType = sourcecode.swift; path = MainView.swift; sourceTree = "<group>"; };
		A9A662559EE0A8EA6080B235 /* SharedDefaults.swift */ = {isa = PBXFileReference; lastKnownFileType = sourcecode.swift; path = SharedDefaults.swift; sourceTree = "<group>"; };
		AE38A0AB7618D4AAC05DB505 /* ManualPickerView.swift */ = {isa = PBXFileReference; lastKnownFileType = sourcecode.swift; path = ManualPickerView.swift; sourceTree = "<group>"; };
		B14AFBA83C7868DE95A1756D /* SwiftUI.framework */ = {isa = PBXFileReference; lastKnownFileType = wrapper.framework; name = SwiftUI.framework; path = System/Library/Frameworks/SwiftUI.framework; sourceTree = SDKROOT; };
		BAA85DB0123F71B96C6A38FB /* FeatureFlagsAndMapModelTests.swift */ = {isa = PBXFileReference; lastKnownFileType = sourcecode.swift; path = FeatureFlagsAndMapModelTests.swift; sourceTree = "<group>"; };
		BD8C330B97680A9FD528E0C1 /* AppFeatureFlags.swift */ = {isa = PBXFileReference; lastKnownFileType = sourcecode.swift; path = AppFeatureFlags.swift; sourceTree = "<group>"; };
		BE47CA38B378E6489D03A3EF /* NotificationServiceTests.swift */ = {isa = PBXFileReference; lastKnownFileType = sourcecode.swift; path = NotificationServiceTests.swift; sourceTree = "<group>"; };
		C10DDD88E1F8288CDC9E0A2A /* LocationManagerTests.swift */ = {isa = PBXFileReference; lastKnownFileType = sourcecode.swift; path = LocationManagerTests.swift; sourceTree = "<group>"; };
		C21E0063F5A9B12B461E2C33 /* StationSchedule.swift */ = {isa = PBXFileReference; lastKnownFileType = sourcecode.swift; path = StationSchedule.swift; sourceTree = "<group>"; };
		C477423AAF5A41DC4116E7C0 /* Info.plist */ = {isa = PBXFileReference; lastKnownFileType = text.plist; path = Info.plist; sourceTree = "<group>"; };
		C91CB86181B93248A4FCDAF3 /* ContextEngine.swift */ = {isa = PBXFileReference; lastKnownFileType = sourcecode.swift; path = ContextEngine.swift; sourceTree = "<group>"; };
		CA347DACA1EBECB9EDFF1B9E /* BusWatchApp.swift */ = {isa = PBXFileReference; lastKnownFileType = sourcecode.swift; path = BusWatchApp.swift; sourceTree = "<group>"; };
		CEC597FCCB99004362180E02 /* BusWatchComplications.swift */ = {isa = PBXFileReference; lastKnownFileType = sourcecode.swift; path = BusWatchComplications.swift; sourceTree = "<group>"; };
		CF8CFC561458D130999433FD /* ContextEngineRefreshTimerTests.swift */ = {isa = PBXFileReference; lastKnownFileType = sourcecode.swift; path = ContextEngineRefreshTimerTests.swift; sourceTree = "<group>"; };
		D65B443272C2D040E633AF75 /* JourneyPlanner.swift */ = {isa = PBXFileReference; lastKnownFileType = sourcecode.swift; path = JourneyPlanner.swift; sourceTree = "<group>"; };
		D8678EA1764B91D3116310A2 /* CountdownWidget.swift */ = {isa = PBXFileReference; lastKnownFileType = sourcecode.swift; path = CountdownWidget.swift; sourceTree = "<group>"; };
		D9119CEEDDA6CF6EEC99A61D /* NearbyResponse.swift */ = {isa = PBXFileReference; lastKnownFileType = sourcecode.swift; path = NearbyResponse.swift; sourceTree = "<group>"; };
		DA5366C9BA0AA520FA6B6042 /* BusWatchContainer.app */ = {isa = PBXFileReference; includeInIndex = 0; lastKnownFileType = wrapper.application; path = BusWatchContainer.app; sourceTree = BUILT_PRODUCTS_DIR; };
		DD985B0AFA169D2F2B53A9D5 /* CountdownViews.swift */ = {isa = PBXFileReference; lastKnownFileType = sourcecode.swift; path = CountdownViews.swift; sourceTree = "<group>"; };
		E022A609FE8A4F26C40BB267 /* CountdownEntry.swift */ = {isa = PBXFileReference; lastKnownFileType = sourcecode.swift; path = CountdownEntry.swift; sourceTree = "<group>"; };
		E0683D0C6D4C6B84471D70B3 /* ScheduleCache.swift */ = {isa = PBXFileReference; lastKnownFileType = sourcecode.swift; path = ScheduleCache.swift; sourceTree = "<group>"; };
		EB36B0779CD1EA4C52BA132E /* FavoriteStoreTests.swift */ = {isa = PBXFileReference; lastKnownFileType = sourcecode.swift; path = FavoriteStoreTests.swift; sourceTree = "<group>"; };
		FA23D7007211D6374E78CEBB /* LocationManager.swift */ = {isa = PBXFileReference; lastKnownFileType = sourcecode.swift; path = LocationManager.swift; sourceTree = "<group>"; };
		FC0372CE38EE878F810F9C45 /* DeparturesTowardViewTests.swift */ = {isa = PBXFileReference; lastKnownFileType = sourcecode.swift; path = DeparturesTowardViewTests.swift; sourceTree = "<group>"; };
/* End PBXFileReference section */

/* Begin PBXFrameworksBuildPhase section */
		5979E1709BF06E13CCF192E3 /* Frameworks */ = {
			isa = PBXFrameworksBuildPhase;
			buildActionMask = 2147483647;
			files = (
				F0A212E77EAA82348F650E80 /* WatchKit.framework in Frameworks */,
			);
			runOnlyForDeploymentPostprocessing = 0;
		};
		CD8FBD6B4B4A6B1DC4E6F630 /* Frameworks */ = {
			isa = PBXFrameworksBuildPhase;
			buildActionMask = 2147483647;
			files = (
				838FCAAF0236B1FAB7E13037 /* WidgetKit.framework in Frameworks */,
				F0E295C881EE74DE004C287E /* SwiftUI.framework in Frameworks */,
			);
			runOnlyForDeploymentPostprocessing = 0;
		};
/* End PBXFrameworksBuildPhase section */

/* Begin PBXGroup section */
		13927479AC7291F46CAC4AC5 /* Frameworks */ = {
			isa = PBXGroup;
			children = (
				B14AFBA83C7868DE95A1756D /* SwiftUI.framework */,
				06C7A620AA96C75AF147E067 /* WatchKit.framework */,
				62F733BAAECBF1FC5EFAA930 /* WidgetKit.framework */,
			);
			name = Frameworks;
			sourceTree = "<group>";
		};
		20A68A1898A41EB2F9214F95 /* App */ = {
			isa = PBXGroup;
			children = (
				BD8C330B97680A9FD528E0C1 /* AppFeatureFlags.swift */,
				CA347DACA1EBECB9EDFF1B9E /* BusWatchApp.swift */,
			);
			path = App;
			sourceTree = "<group>";
		};
		4B318D31B48EF008EB5AAD42 /* Models */ = {
			isa = PBXGroup;
			children = (
				1169157644BA148145F5B77A /* Alert.swift */,
				3A40775DF6CF3FA724842FE0 /* BusTripProgress.swift */,
				D9119CEEDDA6CF6EEC99A61D /* NearbyResponse.swift */,
				C21E0063F5A9B12B461E2C33 /* StationSchedule.swift */,
			);
			path = Models;
			sourceTree = "<group>";
		};
		5EFF7D87BD51774B410F0A18 /* BusWatchComplications */ = {
			isa = PBXGroup;
			children = (
				796A4BA47047A3FEB8CB84B4 /* BusWatchComplications.entitlements */,
				CEC597FCCB99004362180E02 /* BusWatchComplications.swift */,
				E022A609FE8A4F26C40BB267 /* CountdownEntry.swift */,
				7C05DD58689181B8F1FCD583 /* CountdownTimelineProvider.swift */,
				DD985B0AFA169D2F2B53A9D5 /* CountdownViews.swift */,
				D8678EA1764B91D3116310A2 /* CountdownWidget.swift */,
				1A126BB03C75E9FD883C274E /* Info.plist */,
			);
			path = BusWatchComplications;
			sourceTree = "<group>";
		};
		63FE532353D6BE6ED06B8C3E = {
			isa = PBXGroup;
			children = (
				AF66E5A5BA711F0B03BB6A77 /* BusWatch */,
				5EFF7D87BD51774B410F0A18 /* BusWatchComplications */,
				B7EBE68AFE1317D0AE0B1D8B /* BusWatchTests */,
				13927479AC7291F46CAC4AC5 /* Frameworks */,
				B4F69C6376210F090DCB4D78 /* Products */,
			);
			sourceTree = "<group>";
		};
		77F5847D85D1D962852FED32 /* Services */ = {
			isa = PBXGroup;
			children = (
				4F0A9870EB9E5F712DC55BCA /* APIClient.swift */,
				C91CB86181B93248A4FCDAF3 /* ContextEngine.swift */,
				8F3E53D1C73A898A85BF29F5 /* CountdownTimeline.swift */,
				3D1724C45852F288A8E5D67B /* FavoriteStore.swift */,
				D65B443272C2D040E633AF75 /* JourneyPlanner.swift */,
				FA23D7007211D6374E78CEBB /* LocationManager.swift */,
				866C2AF86EA5F3614981EDEC /* NotificationService.swift */,
				E0683D0C6D4C6B84471D70B3 /* ScheduleCache.swift */,
				A9A662559EE0A8EA6080B235 /* SharedDefaults.swift */,
			);
			path = Services;
			sourceTree = "<group>";
		};
		A4D92BC5E23747AA061C8FCF /* Views */ = {
			isa = PBXGroup;
			children = (
				65EBD009FF20DCCED6D0DC9A /* AlertsView.swift */,
				896F8B54C63F85B2691064DC /* BusProgressView.swift */,
				9FD3BBC712474F9E78DC7656 /* DeparturesTowardView.swift */,
				A7AC90DFF25D5C183D480F61 /* MainView.swift */,
				AE38A0AB7618D4AAC05DB505 /* ManualPickerView.swift */,
				4D26A243394AEC4F473A22A0 /* NearbyBusMapView.swift */,
				794ADE0310958EC741BDE78F /* NearbyListView.swift */,
				660B1B1D915AC221A4B4B533 /* StationArrivalsView.swift */,
			);
			path = Views;
			sourceTree = "<group>";
		};
		AF66E5A5BA711F0B03BB6A77 /* BusWatch */ = {
			isa = PBXGroup;
			children = (
				0C9182C1585161C48872BE9C /* Assets.xcassets */,
				12DC90349DF54A6F1A6B00C5 /* BusWatch.entitlements */,
				C477423AAF5A41DC4116E7C0 /* Info.plist */,
				20A68A1898A41EB2F9214F95 /* App */,
				4B318D31B48EF008EB5AAD42 /* Models */,
				77F5847D85D1D962852FED32 /* Services */,
				A4D92BC5E23747AA061C8FCF /* Views */,
			);
			path = BusWatch;
			sourceTree = "<group>";
		};
		B4F69C6376210F090DCB4D78 /* Products */ = {
			isa = PBXGroup;
			children = (
				941DE2EAC800BA77EAD42D5F /* BusWatch.app */,
				95793C867EA3B7FB447E155D /* BusWatchComplications.appex */,
				DA5366C9BA0AA520FA6B6042 /* BusWatchContainer.app */,
				17E3AE33D4989CFFF80C7E61 /* BusWatchTests.xctest */,
			);
			name = Products;
			sourceTree = "<group>";
		};
		B7EBE68AFE1317D0AE0B1D8B /* BusWatchTests */ = {
			isa = PBXGroup;
			children = (
				334E0D65B5CD21F0D1DA369F /* AlertTests.swift */,
				CF8CFC561458D130999433FD /* ContextEngineRefreshTimerTests.swift */,
				15E59554D807808701FB9CA1 /* CountdownResolverTests.swift */,
				FC0372CE38EE878F810F9C45 /* DeparturesTowardViewTests.swift */,
				EB36B0779CD1EA4C52BA132E /* FavoriteStoreTests.swift */,
				BAA85DB0123F71B96C6A38FB /* FeatureFlagsAndMapModelTests.swift */,
				C10DDD88E1F8288CDC9E0A2A /* LocationManagerTests.swift */,
				BE47CA38B378E6489D03A3EF /* NotificationServiceTests.swift */,
				0201780118097EB4794658BD /* ScheduleCacheTests.swift */,
				696F9BBBE736DAD323DF17F4 /* SharedDefaultsTests.swift */,
			);
			path = BusWatchTests;
			sourceTree = "<group>";
		};
/* End PBXGroup section */

/* Begin PBXNativeTarget section */
		3A327EAAA2F330AE60878F50 /* BusWatchTests */ = {
			isa = PBXNativeTarget;
			buildConfigurationList = B487F967C3E2B3F740997EF9 /* Build configuration list for PBXNativeTarget "BusWatchTests" */;
			buildPhases = (
				D1FA38CB77D0F997FC6237FE /* Sources */,
			);
			buildRules = (
			);
			dependencies = (
				461D58A0B720D3802F8FB9CA /* PBXTargetDependency */,
			);
			name = BusWatchTests;
			packageProductDependencies = (
			);
			productName = BusWatchTests;
			productReference = 17E3AE33D4989CFFF80C7E61 /* BusWatchTests.xctest */;
			productType = "com.apple.product-type.bundle.unit-test";
		};
		908EFCF9360629B890D73C8C /* BusWatch */ = {
			isa = PBXNativeTarget;
			buildConfigurationList = 8FC848F1DACD7F67D97072B3 /* Build configuration list for PBXNativeTarget "BusWatch" */;
			buildPhases = (
				7C9BD3531F0929FD89BD5DD0 /* Sources */,
				D5EE5E908ADFCEAD862D1CA2 /* Resources */,
				5979E1709BF06E13CCF192E3 /* Frameworks */,
				CBF0CB82469C434A9AEF49D1 /* Embed Foundation Extensions */,
			);
			buildRules = (
			);
			dependencies = (
				F6F3E55B6C03F778D2C64B04 /* PBXTargetDependency */,
			);
			name = BusWatch;
			packageProductDependencies = (
			);
			productName = BusWatch;
			productReference = 941DE2EAC800BA77EAD42D5F /* BusWatch.app */;
			productType = "com.apple.product-type.application";
		};
		97FF97200C8C30959C68868C /* BusWatchComplications */ = {
			isa = PBXNativeTarget;
			buildConfigurationList = 8C5661DF206E0BE05D8A84DE /* Build configuration list for PBXNativeTarget "BusWatchComplications" */;
			buildPhases = (
				52B3CAD0BC579FFE413995A7 /* Sources */,
				CD8FBD6B4B4A6B1DC4E6F630 /* Frameworks */,
			);
			buildRules = (
			);
			dependencies = (
			);
			name = BusWatchComplications;
			packageProductDependencies = (
			);
			productName = BusWatchComplications;
			productReference = 95793C867EA3B7FB447E155D /* BusWatchComplications.appex */;
			productType = "com.apple.product-type.app-extension";
		};
		FB62BFDF161EC0D60B447E6A /* BusWatchContainer */ = {
			isa = PBXNativeTarget;
			buildConfigurationList = B7914287AC0934754D6D9E9F /* Build configuration list for PBXNativeTarget "BusWatchContainer" */;
			buildPhases = (
				7230A0DEEE188B26376F2BA3 /* Sources */,
				C33E3F89972C33E1BBBC6CD1 /* Resources */,
				D79650EA012C10C4D79E6359 /* Embed Watch Content */,
			);
			buildRules = (
			);
			dependencies = (
				6FB4C877A3053F91FC0ABDA6 /* PBXTargetDependency */,
			);
			name = BusWatchContainer;
			packageProductDependencies = (
			);
			productName = BusWatchContainer;
			productReference = DA5366C9BA0AA520FA6B6042 /* BusWatchContainer.app */;
			productType = "com.apple.product-type.application.watchapp2-container";
		};
/* End PBXNativeTarget section */

/* Begin PBXProject section */
		1D3953FAE5403563D00B8B4D /* Project object */ = {
			isa = PBXProject;
			attributes = {
				BuildIndependentTargetsInParallel = YES;
				LastUpgradeCheck = 1500;
				TargetAttributes = {
					908EFCF9360629B890D73C8C = {
						DevelopmentTeam = 25B4MS36A6;
						ProvisioningStyle = Automatic;
					};
					97FF97200C8C30959C68868C = {
						DevelopmentTeam = 25B4MS36A6;
						ProvisioningStyle = Automatic;
					};
					FB62BFDF161EC0D60B447E6A = {
						DevelopmentTeam = 25B4MS36A6;
						ProvisioningStyle = Automatic;
					};
				};
			};
			buildConfigurationList = 01DF1B1CD892CAC3E7ACDE9D /* Build configuration list for PBXProject "BusWatch" */;
			developmentRegion = en;
			hasScannedForEncodings = 0;
			knownRegions = (
				Base,
				en,
			);
			mainGroup = 63FE532353D6BE6ED06B8C3E;
			minimizedProjectReferenceProxies = 1;
			preferredProjectObjectVersion = 77;
			productRefGroup = B4F69C6376210F090DCB4D78 /* Products */;
			projectDirPath = "";
			projectRoot = "";
			targets = (
				908EFCF9360629B890D73C8C /* BusWatch */,
				97FF97200C8C30959C68868C /* BusWatchComplications */,
				FB62BFDF161EC0D60B447E6A /* BusWatchContainer */,
				3A327EAAA2F330AE60878F50 /* BusWatchTests */,
			);
		};
/* End PBXProject section */

/* Begin PBXResourcesBuildPhase section */
		C33E3F89972C33E1BBBC6CD1 /* Resources */ = {
			isa = PBXResourcesBuildPhase;
			buildActionMask = 2147483647;
			files = (
				AFE9015F360FB0359DA767D8 /* Assets.xcassets in Resources */,
			);
			runOnlyForDeploymentPostprocessing = 0;
		};
		D5EE5E908ADFCEAD862D1CA2 /* Resources */ = {
			isa = PBXResourcesBuildPhase;
			buildActionMask = 2147483647;
			files = (
				2828DFB33F6CC9C2946AA616 /* Assets.xcassets in Resources */,
			);
			runOnlyForDeploymentPostprocessing = 0;
		};
/* End PBXResourcesBuildPhase section */

/* Begin PBXSourcesBuildPhase section */
		52B3CAD0BC579FFE413995A7 /* Sources */ = {
			isa = PBXSourcesBuildPhase;
			buildActionMask = 2147483647;
			files = (
				BCF20A8F69FA3DC0EA3A5E12 /* BusWatchComplications.swift in Sources */,
				1388708959D7EB7BF6570324 /* CountdownEntry.swift in Sources */,
				C9B6A64C6A53A16D2EC3DBC9 /* CountdownTimeline.swift in Sources */,
				7DFD71DA906CA0FE6686C942 /* CountdownTimelineProvider.swift in Sources */,
				0F249E3F0FB7753692DDE4A2 /* CountdownViews.swift in Sources */,
				64F27F9DFB04FCCB204CB8B5 /* CountdownWidget.swift in Sources */,
				C4AA42D7B9D97813DA030F24 /* ScheduleCache.swift in Sources */,
				6187EA05A2A12EF26BF25AE9 /* SharedDefaults.swift in Sources */,
				355E0D5AF4E0E1ABF63A6475 /* StationSchedule.swift in Sources */,
			);
			runOnlyForDeploymentPostprocessing = 0;
		};
		7230A0DEEE188B26376F2BA3 /* Sources */ = {
			isa = PBXSourcesBuildPhase;
			buildActionMask = 2147483647;
			files = (
			);
			runOnlyForDeploymentPostprocessing = 0;
		};
		7C9BD3531F0929FD89BD5DD0 /* Sources */ = {
			isa = PBXSourcesBuildPhase;
			buildActionMask = 2147483647;
			files = (
				78CCFA0C37CC94900C96E2ED /* APIClient.swift in Sources */,
				0FFEB2057F81421C78BEF5CE /* Alert.swift in Sources */,
				AE222E59629D49941A8F220F /* AlertsView.swift in Sources */,
				89C1E4A143F04C1E9EC9A8DE /* AppFeatureFlags.swift in Sources */,
				8B7F8F25766982E5F2920A20 /* BusProgressView.swift in Sources */,
				AAA323BB1666E3037B51BDF3 /* BusTripProgress.swift in Sources */,
				77390DCF44FDFA9001C57624 /* BusWatchApp.swift in Sources */,
				BA585B9B333A860100FE75F8 /* ContextEngine.swift in Sources */,
				796B330DB6A2B68E4A25DBEF /* CountdownTimeline.swift in Sources */,
				7260C15D4B96B71E84A75149 /* DeparturesTowardView.swift in Sources */,
				008048A267FC22116C9D1BB9 /* FavoriteStore.swift in Sources */,
				D4EA1EDA2E7B4C7255C7A20A /* JourneyPlanner.swift in Sources */,
				04B1911148FE652AB32F0FD7 /* LocationManager.swift in Sources */,
				E0A2F83D9902D5F505984073 /* MainView.swift in Sources */,
				8F84E44B697A29FBF4B55D07 /* ManualPickerView.swift in Sources */,
				291F97AE871F1C97146DA6FF /* NearbyBusMapView.swift in Sources */,
				4953B94A2AD39E266A5972BE /* NearbyListView.swift in Sources */,
				0AA434EB051E74BD6DDB0692 /* NearbyResponse.swift in Sources */,
				2AEA7686A271377F83373CBF /* NotificationService.swift in Sources */,
				6D08BDBA7108DA727FC6A678 /* ScheduleCache.swift in Sources */,
				B00A37E6AB9E3F86A3F848B2 /* SharedDefaults.swift in Sources */,
				6F4D412C4E1901FDC9E8BD3A /* StationArrivalsView.swift in Sources */,
				ACEB1F382D22DFB521D8249D /* StationSchedule.swift in Sources */,
			);
			runOnlyForDeploymentPostprocessing = 0;
		};
		D1FA38CB77D0F997FC6237FE /* Sources */ = {
			isa = PBXSourcesBuildPhase;
			buildActionMask = 2147483647;
			files = (
				8716E5F77E1B073993C15FD5 /* AlertTests.swift in Sources */,
				12346F46C5E13A7AAE0F9651 /* ContextEngineRefreshTimerTests.swift in Sources */,
				935B7750E57B68C4A427DAF2 /* CountdownResolverTests.swift in Sources */,
				F094818FD43F316C008EA6D8 /* DeparturesTowardViewTests.swift in Sources */,
				67282E8DD2D0CA451A52963C /* FavoriteStoreTests.swift in Sources */,
				0707CC6442101F34F7A2CF8E /* FeatureFlagsAndMapModelTests.swift in Sources */,
				10D751CB5919CF58BC1B688C /* LocationManagerTests.swift in Sources */,
				2692D34E085A4A4C076C363F /* NotificationServiceTests.swift in Sources */,
				70EC8754E53497421BF64466 /* ScheduleCacheTests.swift in Sources */,
				431678AB1F2CC579E76BEAB1 /* SharedDefaultsTests.swift in Sources */,
			);
			runOnlyForDeploymentPostprocessing = 0;
		};
/* End PBXSourcesBuildPhase section */

/* Begin PBXTargetDependency section */
		461D58A0B720D3802F8FB9CA /* PBXTargetDependency */ = {
			isa = PBXTargetDependency;
			target = 908EFCF9360629B890D73C8C /* BusWatch */;
			targetProxy = D4A3BF2975B8C581D6158CA5 /* PBXContainerItemProxy */;
		};
		6FB4C877A3053F91FC0ABDA6 /* PBXTargetDependency */ = {
			isa = PBXTargetDependency;
			target = 908EFCF9360629B890D73C8C /* BusWatch */;
			targetProxy = 38FB920A4724CE4D13AB488B /* PBXContainerItemProxy */;
		};
		F6F3E55B6C03F778D2C64B04 /* PBXTargetDependency */ = {
			isa = PBXTargetDependency;
			target = 97FF97200C8C30959C68868C /* BusWatchComplications */;
			targetProxy = 2C14646CC7B5A8BE473B9F90 /* PBXContainerItemProxy */;
		};
/* End PBXTargetDependency section */

/* Begin XCBuildConfiguration section */
		0FEF2B6B9C67FA4F064BF1A9 /* Release */ = {
			isa = XCBuildConfiguration;
			buildSettings = {
				CODE_SIGN_ENTITLEMENTS = BusWatchComplications/BusWatchComplications.entitlements;
				CODE_SIGN_STYLE = Automatic;
				DEVELOPMENT_TEAM = 25B4MS36A6;
				INFOPLIST_FILE = BusWatchComplications/Info.plist;
				INFOPLIST_KEY_CFBundleDisplayName = "BusWatch Complications";
				INFOPLIST_KEY_ITSAppUsesNonExemptEncryption = NO;
				LD_RUNPATH_SEARCH_PATHS = (
					"$(inherited)",
					"@executable_path/Frameworks",
					"@executable_path/../../Frameworks",
				);
				PRODUCT_BUNDLE_IDENTIFIER = com.nggihming.buswatch.watchkitapp.widget;
				SDKROOT = watchos;
				SKIP_INSTALL = YES;
				TARGETED_DEVICE_FAMILY = 4;
			};
			name = Release;
		};
		25EED357791CEEE4081E528F /* Debug */ = {
			isa = XCBuildConfiguration;
			buildSettings = {
				ASSETCATALOG_COMPILER_APPICON_NAME = AppIcon;
				CODE_SIGN_STYLE = Automatic;
				CURRENT_PROJECT_VERSION = 3;
				DEVELOPMENT_TEAM = 25B4MS36A6;
				INFOPLIST_KEY_CFBundleDisplayName = BusWatch;
				INFOPLIST_KEY_CFBundleIconName = AppIcon;
				INFOPLIST_KEY_ITSAppUsesNonExemptEncryption = NO;
				INFOPLIST_KEY_UIRequiresFullScreen = YES;
				LD_RUNPATH_SEARCH_PATHS = (
					"$(inherited)",
					"@executable_path/Frameworks",
				);
				MARKETING_VERSION = 1.0;
				PRODUCT_BUNDLE_IDENTIFIER = com.nggihming.buswatch;
				PRODUCT_NAME = BusWatch;
				SDKROOT = iphoneos;
				TARGETED_DEVICE_FAMILY = "1,2";
			};
			name = Debug;
		};
		42843BD3744F9F4FA0329E10 /* Release */ = {
			isa = XCBuildConfiguration;
			buildSettings = {
				ASSETCATALOG_COMPILER_APPICON_NAME = AppIcon;
				CODE_SIGN_ENTITLEMENTS = BusWatch/BusWatch.entitlements;
				CODE_SIGN_STYLE = Automatic;
				DEVELOPMENT_TEAM = 25B4MS36A6;
				INFOPLIST_FILE = BusWatch/Info.plist;
				INFOPLIST_KEY_ITSAppUsesNonExemptEncryption = NO;
				INFOPLIST_KEY_UIApplicationSceneManifest_Generation = YES;
				INFOPLIST_KEY_WKApplication = YES;
				INFOPLIST_KEY_WKWatchOnly = YES;
				PRODUCT_BUNDLE_IDENTIFIER = com.nggihming.buswatch.watchkitapp;
				SDKROOT = watchos;
				SKIP_INSTALL = YES;
				TARGETED_DEVICE_FAMILY = 4;
			};
			name = Release;
		};
		5D7EB47F11BDCA8CD3729E78 /* Debug */ = {
			isa = XCBuildConfiguration;
			buildSettings = {
				ASSETCATALOG_COMPILER_APPICON_NAME = AppIcon;
				CODE_SIGN_ENTITLEMENTS = BusWatch/BusWatch.entitlements;
				CODE_SIGN_STYLE = Automatic;
				DEVELOPMENT_TEAM = 25B4MS36A6;
				INFOPLIST_FILE = BusWatch/Info.plist;
				INFOPLIST_KEY_ITSAppUsesNonExemptEncryption = NO;
				INFOPLIST_KEY_UIApplicationSceneManifest_Generation = YES;
				INFOPLIST_KEY_WKApplication = YES;
				INFOPLIST_KEY_WKWatchOnly = YES;
				PRODUCT_BUNDLE_IDENTIFIER = com.nggihming.buswatch.watchkitapp;
				SDKROOT = watchos;
				SKIP_INSTALL = YES;
				TARGETED_DEVICE_FAMILY = 4;
			};
			name = Debug;
		};
		5DA1272504BB76CD9853862B /* Debug */ = {
			isa = XCBuildConfiguration;
			buildSettings = {
				ALWAYS_SEARCH_USER_PATHS = NO;
				CLANG_ANALYZER_NONNULL = YES;
				CLANG_ANALYZER_NUMBER_OBJECT_CONVERSION = YES_AGGRESSIVE;
				CLANG_CXX_LANGUAGE_STANDARD = "gnu++14";
				CLANG_CXX_LIBRARY = "libc++";
				CLANG_ENABLE_MODULES = YES;
				CLANG_ENABLE_OBJC_ARC = YES;
				CLANG_ENABLE_OBJC_WEAK = YES;
				CLANG_WARN_BLOCK_CAPTURE_AUTORELEASING = YES;
				CLANG_WARN_BOOL_CONVERSION = YES;
				CLANG_WARN_COMMA = YES;
				CLANG_WARN_CONSTANT_CONVERSION = YES;
				CLANG_WARN_DEPRECATED_OBJC_IMPLEMENTATIONS = YES;
				CLANG_WARN_DIRECT_OBJC_ISA_USAGE = YES_ERROR;
				CLANG_WARN_DOCUMENTATION_COMMENTS = YES;
				CLANG_WARN_EMPTY_BODY = YES;
				CLANG_WARN_ENUM_CONVERSION = YES;
				CLANG_WARN_INFINITE_RECURSION = YES;
				CLANG_WARN_INT_CONVERSION = YES;
				CLANG_WARN_NON_LITERAL_NULL_CONVERSION = YES;
				CLANG_WARN_OBJC_IMPLICIT_RETAIN_SELF = YES;
				CLANG_WARN_OBJC_LITERAL_CONVERSION = YES;
				CLANG_WARN_OBJC_ROOT_CLASS = YES_ERROR;
				CLANG_WARN_QUOTED_INCLUDE_IN_FRAMEWORK_HEADER = YES;
				CLANG_WARN_RANGE_LOOP_ANALYSIS = YES;
				CLANG_WARN_STRICT_PROTOTYPES = YES;
				CLANG_WARN_SUSPICIOUS_MOVE = YES;
				CLANG_WARN_UNGUARDED_AVAILABILITY = YES_AGGRESSIVE;
				CLANG_WARN_UNREACHABLE_CODE = YES;
				CLANG_WARN__DUPLICATE_METHOD_MATCH = YES;
				COPY_PHASE_STRIP = NO;
				DEBUG_INFORMATION_FORMAT = dwarf;
				ENABLE_STRICT_OBJC_MSGSEND = YES;
				ENABLE_TESTABILITY = YES;
				GCC_C_LANGUAGE_STANDARD = gnu11;
				GCC_DYNAMIC_NO_PIC = NO;
				GCC_NO_COMMON_BLOCKS = YES;
				GCC_OPTIMIZATION_LEVEL = 0;
				GCC_PREPROCESSOR_DEFINITIONS = (
					"$(inherited)",
					"DEBUG=1",
				);
				GCC_WARN_64_TO_32_BIT_CONVERSION = YES;
				GCC_WARN_ABOUT_RETURN_TYPE = YES_ERROR;
				GCC_WARN_UNDECLARED_SELECTOR = YES;
				GCC_WARN_UNINITIALIZED_AUTOS = YES_AGGRESSIVE;
				GCC_WARN_UNUSED_FUNCTION = YES;
				GCC_WARN_UNUSED_VARIABLE = YES;
				IPHONEOS_DEPLOYMENT_TARGET = 17.0;
				MTL_ENABLE_DEBUG_INFO = INCLUDE_SOURCE;
				MTL_FAST_MATH = YES;
				ONLY_ACTIVE_ARCH = YES;
				PRODUCT_NAME = "$(TARGET_NAME)";
				SWIFT_ACTIVE_COMPILATION_CONDITIONS = DEBUG;
				SWIFT_OPTIMIZATION_LEVEL = "-Onone";
				SWIFT_VERSION = 5.9;
				WATCHOS_DEPLOYMENT_TARGET = 10.0;
			};
			name = Debug;
		};
		67D5B11CAB8AFFE81347DF5D /* Release */ = {
			isa = XCBuildConfiguration;
			buildSettings = {
				ALWAYS_SEARCH_USER_PATHS = NO;
				CLANG_ANALYZER_NONNULL = YES;
				CLANG_ANALYZER_NUMBER_OBJECT_CONVERSION = YES_AGGRESSIVE;
				CLANG_CXX_LANGUAGE_STANDARD = "gnu++14";
				CLANG_CXX_LIBRARY = "libc++";
				CLANG_ENABLE_MODULES = YES;
				CLANG_ENABLE_OBJC_ARC = YES;
				CLANG_ENABLE_OBJC_WEAK = YES;
				CLANG_WARN_BLOCK_CAPTURE_AUTORELEASING = YES;
				CLANG_WARN_BOOL_CONVERSION = YES;
				CLANG_WARN_COMMA = YES;
				CLANG_WARN_CONSTANT_CONVERSION = YES;
				CLANG_WARN_DEPRECATED_OBJC_IMPLEMENTATIONS = YES;
				CLANG_WARN_DIRECT_OBJC_ISA_USAGE = YES_ERROR;
				CLANG_WARN_DOCUMENTATION_COMMENTS = YES;
				CLANG_WARN_EMPTY_BODY = YES;
				CLANG_WARN_ENUM_CONVERSION = YES;
				CLANG_WARN_INFINITE_RECURSION = YES;
				CLANG_WARN_INT_CONVERSION = YES;
				CLANG_WARN_NON_LITERAL_NULL_CONVERSION = YES;
				CLANG_WARN_OBJC_IMPLICIT_RETAIN_SELF = YES;
				CLANG_WARN_OBJC_LITERAL_CONVERSION = YES;
				CLANG_WARN_OBJC_ROOT_CLASS = YES_ERROR;
				CLANG_WARN_QUOTED_INCLUDE_IN_FRAMEWORK_HEADER = YES;
				CLANG_WARN_RANGE_LOOP_ANALYSIS = YES;
				CLANG_WARN_STRICT_PROTOTYPES = YES;
				CLANG_WARN_SUSPICIOUS_MOVE = YES;
				CLANG_WARN_UNGUARDED_AVAILABILITY = YES_AGGRESSIVE;
				CLANG_WARN_UNREACHABLE_CODE = YES;
				CLANG_WARN__DUPLICATE_METHOD_MATCH = YES;
				COPY_PHASE_STRIP = NO;
				DEBUG_INFORMATION_FORMAT = "dwarf-with-dsym";
				ENABLE_NS_ASSERTIONS = NO;
				ENABLE_STRICT_OBJC_MSGSEND = YES;
				GCC_C_LANGUAGE_STANDARD = gnu11;
				GCC_NO_COMMON_BLOCKS = YES;
				GCC_WARN_64_TO_32_BIT_CONVERSION = YES;
				GCC_WARN_ABOUT_RETURN_TYPE = YES_ERROR;
				GCC_WARN_UNDECLARED_SELECTOR = YES;
				GCC_WARN_UNINITIALIZED_AUTOS = YES_AGGRESSIVE;
				GCC_WARN_UNUSED_FUNCTION = YES;
				GCC_WARN_UNUSED_VARIABLE = YES;
				IPHONEOS_DEPLOYMENT_TARGET = 17.0;
				MTL_ENABLE_DEBUG_INFO = NO;
				MTL_FAST_MATH = YES;
				PRODUCT_NAME = "$(TARGET_NAME)";
				SWIFT_COMPILATION_MODE = wholemodule;
				SWIFT_OPTIMIZATION_LEVEL = "-O";
				SWIFT_VERSION = 5.9;
				VALIDATE_PRODUCT = YES;
				WATCHOS_DEPLOYMENT_TARGET = 10.0;
			};
			name = Release;
		};
		819707846AC473B237FA7A24 /* Release */ = {
			isa = XCBuildConfiguration;
			buildSettings = {
				BUNDLE_LOADER = "$(TEST_HOST)";
				GENERATE_INFOPLIST_FILE = YES;
				LD_RUNPATH_SEARCH_PATHS = (
					"$(inherited)",
					"@executable_path/Frameworks",
					"@loader_path/Frameworks",
				);
				PRODUCT_BUNDLE_IDENTIFIER = com.nggihming.buswatch.tests;
				SDKROOT = watchos;
				SKIP_INSTALL = YES;
				TARGETED_DEVICE_FAMILY = 4;
				TEST_HOST = "$(BUILT_PRODUCTS_DIR)/BusWatch.app/BusWatch";
			};
			name = Release;
		};
		970B62E2739B9D811378C442 /* Debug */ = {
			isa = XCBuildConfiguration;
			buildSettings = {
				BUNDLE_LOADER = "$(TEST_HOST)";
				GENERATE_INFOPLIST_FILE = YES;
				LD_RUNPATH_SEARCH_PATHS = (
					"$(inherited)",
					"@executable_path/Frameworks",
					"@loader_path/Frameworks",
				);
				PRODUCT_BUNDLE_IDENTIFIER = com.nggihming.buswatch.tests;
				SDKROOT = watchos;
				SKIP_INSTALL = YES;
				TARGETED_DEVICE_FAMILY = 4;
				TEST_HOST = "$(BUILT_PRODUCTS_DIR)/BusWatch.app/BusWatch";
			};
			name = Debug;
		};
		B164B497965DF02972A1722B /* Debug */ = {
			isa = XCBuildConfiguration;
			buildSettings = {
				CODE_SIGN_ENTITLEMENTS = BusWatchComplications/BusWatchComplications.entitlements;
				CODE_SIGN_STYLE = Automatic;
				DEVELOPMENT_TEAM = 25B4MS36A6;
				INFOPLIST_FILE = BusWatchComplications/Info.plist;
				INFOPLIST_KEY_CFBundleDisplayName = "BusWatch Complications";
				INFOPLIST_KEY_ITSAppUsesNonExemptEncryption = NO;
				LD_RUNPATH_SEARCH_PATHS = (
					"$(inherited)",
					"@executable_path/Frameworks",
					"@executable_path/../../Frameworks",
				);
				PRODUCT_BUNDLE_IDENTIFIER = com.nggihming.buswatch.watchkitapp.widget;
				SDKROOT = watchos;
				SKIP_INSTALL = YES;
				TARGETED_DEVICE_FAMILY = 4;
			};
			name = Debug;
		};
		DE935DDE680A87638F360BA1 /* Release */ = {
			isa = XCBuildConfiguration;
			buildSettings = {
				ASSETCATALOG_COMPILER_APPICON_NAME = AppIcon;
				CODE_SIGN_STYLE = Automatic;
				CURRENT_PROJECT_VERSION = 3;
				DEVELOPMENT_TEAM = 25B4MS36A6;
				INFOPLIST_KEY_CFBundleDisplayName = BusWatch;
				INFOPLIST_KEY_CFBundleIconName = AppIcon;
				INFOPLIST_KEY_ITSAppUsesNonExemptEncryption = NO;
				INFOPLIST_KEY_UIRequiresFullScreen = YES;
				LD_RUNPATH_SEARCH_PATHS = (
					"$(inherited)",
					"@executable_path/Frameworks",
				);
				MARKETING_VERSION = 1.0;
				PRODUCT_BUNDLE_IDENTIFIER = com.nggihming.buswatch;
				PRODUCT_NAME = BusWatch;
				SDKROOT = iphoneos;
				TARGETED_DEVICE_FAMILY = "1,2";
			};
			name = Release;
		};
/* End XCBuildConfiguration section */

/* Begin XCConfigurationList section */
		01DF1B1CD892CAC3E7ACDE9D /* Build configuration list for PBXProject "BusWatch" */ = {
			isa = XCConfigurationList;
			buildConfigurations = (
				5DA1272504BB76CD9853862B /* Debug */,
				67D5B11CAB8AFFE81347DF5D /* Release */,
			);
			defaultConfigurationIsVisible = 0;
			defaultConfigurationName = Debug;
		};
		8C5661DF206E0BE05D8A84DE /* Build configuration list for PBXNativeTarget "BusWatchComplications" */ = {
			isa = XCConfigurationList;
			buildConfigurations = (
				B164B497965DF02972A1722B /* Debug */,
				0FEF2B6B9C67FA4F064BF1A9 /* Release */,
			);
			defaultConfigurationIsVisible = 0;
			defaultConfigurationName = Debug;
		};
		8FC848F1DACD7F67D97072B3 /* Build configuration list for PBXNativeTarget "BusWatch" */ = {
			isa = XCConfigurationList;
			buildConfigurations = (
				5D7EB47F11BDCA8CD3729E78 /* Debug */,
				42843BD3744F9F4FA0329E10 /* Release */,
			);
			defaultConfigurationIsVisible = 0;
			defaultConfigurationName = Debug;
		};
		B487F967C3E2B3F740997EF9 /* Build configuration list for PBXNativeTarget "BusWatchTests" */ = {
			isa = XCConfigurationList;
			buildConfigurations = (
				970B62E2739B9D811378C442 /* Debug */,
				819707846AC473B237FA7A24 /* Release */,
			);
			defaultConfigurationIsVisible = 0;
			defaultConfigurationName = Debug;
		};
		B7914287AC0934754D6D9E9F /* Build configuration list for PBXNativeTarget "BusWatchContainer" */ = {
			isa = XCConfigurationList;
			buildConfigurations = (
				25EED357791CEEE4081E528F /* Debug */,
				DE935DDE680A87638F360BA1 /* Release */,
			);
			defaultConfigurationIsVisible = 0;
			defaultConfigurationName = Debug;
		};
/* End XCConfigurationList section */
	};
	rootObject = 1D3953FAE5403563D00B8B4D /* Project object */;
}
